
Microsoft Visual Studio Solution File, Format Version 12.00
# Visual Studio Version 17
VisualStudioVersion = 17.6.33815.320
MinimumVisualStudioVersion = 10.0.40219.1
Project("{FAE04EC0-301F-11D3-BF4B-00C04F79EFBC}") = "ConsoleApp4", "ConsoleApp4\ConsoleApp4.csproj", "{EF0FFCF9-059E-426B-BEDF-8468EFE60289}"
EndProject
Global
	GlobalSection(SolutionConfigurationPlatforms) = preSolution
		Debug|Any CPU = Debug|Any CPU
		Release|Any CPU = Release|Any CPU
	EndGlobalSection
	GlobalSection(ProjectConfigurationPlatforms) = postSolution
		{EF0FFCF9-059E-426B-BEDF-8468EFE60289}.Debug|Any CPU.ActiveCfg = Debug|Any CPU
		{EF0FFCF9-059E-426B-BEDF-8468EFE60289}.Debug|Any CPU.Build.0 = Debug|Any CPU
		{EF0FFCF9-059E-426B-BEDF-8468EFE60289}.Release|Any CPU.ActiveCfg = Release|Any CPU
		{EF0FFCF9-059E-426B-BEDF-8468EFE60289}.Release|Any CPU.Build.0 = Release|Any CPU
	EndGlobalSection
	GlobalSection(SolutionProperties) = preSolution
		HideSolutionNode = FALSE
	EndGlobalSection
	GlobalSection(ExtensibilityGlobals) = postSolution
		SolutionGuid = {C4D4A31A-273E-40F9-8B76-5F2953DC10DB}
	EndGlobalSection
EndGlobal
